
Microsoft Visual Studio Solution File, Format Version 12.00
# Visual Studio 2012
Project("{FAE04EC0-301F-11D3-BF4B-00C04F79EFBC}") = "WS.Fubu", "WS.Fubu\WS.Fubu.csproj", "{DCBFFEC6-F2D3-4BF4-9626-8F2A81AF1F92}"
EndProject
Project("{FAE04EC0-301F-11D3-BF4B-00C04F79EFBC}") = "WS.Stack", "WS.Stack\WS.Stack.csproj", "{43FF9D64-1C00-4A3A-AF79-68B322E1ED3C}"
EndProject
Project("{FAE04EC0-301F-11D3-BF4B-00C04F79EFBC}") = "WS.Nancy", "WS.Nancy\WS.Nancy.csproj", "{2A1FDFA7-804F-436B-B8C0-A85BF3F784D6}"
EndProject
Global
	GlobalSection(SolutionConfigurationPlatforms) = preSolution
		Debug|Any CPU = Debug|Any CPU
		Release|Any CPU = Release|Any CPU
	EndGlobalSection
	GlobalSection(ProjectConfigurationPlatforms) = postSolution
		{DCBFFEC6-F2D3-4BF4-9626-8F2A81AF1F92}.Debug|Any CPU.ActiveCfg = Debug|Any CPU
		{DCBFFEC6-F2D3-4BF4-9626-8F2A81AF1F92}.Debug|Any CPU.Build.0 = Debug|Any CPU
		{DCBFFEC6-F2D3-4BF4-9626-8F2A81AF1F92}.Release|Any CPU.ActiveCfg = Release|Any CPU
		{DCBFFEC6-F2D3-4BF4-9626-8F2A81AF1F92}.Release|Any CPU.Build.0 = Release|Any CPU
		{43FF9D64-1C00-4A3A-AF79-68B322E1ED3C}.Debug|Any CPU.ActiveCfg = Debug|Any CPU
		{43FF9D64-1C00-4A3A-AF79-68B322E1ED3C}.Debug|Any CPU.Build.0 = Debug|Any CPU
		{43FF9D64-1C00-4A3A-AF79-68B322E1ED3C}.Release|Any CPU.ActiveCfg = Release|Any CPU
		{43FF9D64-1C00-4A3A-AF79-68B322E1ED3C}.Release|Any CPU.Build.0 = Release|Any CPU
		{2A1FDFA7-804F-436B-B8C0-A85BF3F784D6}.Debug|Any CPU.ActiveCfg = Debug|Any CPU
		{2A1FDFA7-804F-436B-B8C0-A85BF3F784D6}.Debug|Any CPU.Build.0 = Debug|Any CPU
		{2A1FDFA7-804F-436B-B8C0-A85BF3F784D6}.Release|Any CPU.ActiveCfg = Release|Any CPU
		{2A1FDFA7-804F-436B-B8C0-A85BF3F784D6}.Release|Any CPU.Build.0 = Release|Any CPU
	EndGlobalSection
	GlobalSection(SolutionProperties) = preSolution
		HideSolutionNode = FALSE
	EndGlobalSection
EndGlobal
